
Microsoft Visual Studio Solution File, Format Version 12.00
# Visual Studio Version 17
VisualStudioVersion = 17.1.32407.343
MinimumVisualStudioVersion = 10.0.40219.1
Project("{8BC9CEB8-8B4A-11D0-8D11-00A0C91BC942}") = "HelloTriangle", "HelloTriangle\HelloTriangle.vcxproj", "{4E440FB1-F526-4123-8039-CF35015439F3}"
EndProject
Project("{8BC9CEB8-8B4A-11D0-8D11-00A0C91BC942}") = "HelloWindow", "HelloWindow\HelloWindow.vcxproj", "{321A08D0-A4FF-4897-9A4C-8F1C01793507}"
EndProject
Project("{8BC9CEB8-8B4A-11D0-8D11-00A0C91BC942}") = "Shader", "Shader\Shader.vcxproj", "{7207316D-FA00-450B-B4B0-304AB5CAD8F6}"
EndProject
Project("{2150E333-8FDC-42A3-9474-1A3956D46DE8}") = "你好，三角形", "你好，三角形", "{BDF43818-D464-4ACF-8331-13A6CA2E5B38}"
EndProject
Project("{8BC9CEB8-8B4A-11D0-8D11-00A0C91BC942}") = "Homework1", "Homework1\Homework1.vcxproj", "{DF8856D5-A808-4A65-BED7-4DC119B3992C}"
EndProject
Project("{8BC9CEB8-8B4A-11D0-8D11-00A0C91BC942}") = "Homework2", "Homework2\Homework2.vcxproj", "{A218D9E5-1D64-43AC-976F-28050DC0840E}"
EndProject
Project("{8BC9CEB8-8B4A-11D0-8D11-00A0C91BC942}") = "Homework3", "Homework3\Homework3.vcxproj", "{26AA70C3-7C37-42B4-AD4E-226EE3F8C532}"
EndProject
Project("{2150E333-8FDC-42A3-9474-1A3956D46DE8}") = "着色器", "着色器", "{7481882E-8B3D-4089-BFFF-95C55DAEAC8E}"
EndProject
Project("{8BC9CEB8-8B4A-11D0-8D11-00A0C91BC942}") = "ColorChange", "Greenchange\Greenchange.vcxproj", "{BCE0DF79-719A-44CE-9FF4-42E4E17DE41B}"
EndProject
Project("{8BC9CEB8-8B4A-11D0-8D11-00A0C91BC942}") = "ColorBlend", "ColorBlend\ColorBlend.vcxproj", "{D546C4DA-8FD4-4762-A5AC-A7AAFD2AFAD2}"
EndProject
Project("{8BC9CEB8-8B4A-11D0-8D11-00A0C91BC942}") = "1.ReverseTriangle", "ReverseTriangle\ReverseTriangle.vcxproj", "{9C977348-F2AF-4222-8952-107E847629B2}"
EndProject
Project("{8BC9CEB8-8B4A-11D0-8D11-00A0C91BC942}") = "2.Translate", "2.Translate\2.Translate.vcxproj", "{2CEF7363-5F05-4C8D-A35A-C6DB9F17023E}"
EndProject
Project("{8BC9CEB8-8B4A-11D0-8D11-00A0C91BC942}") = "3.setColor", "3.setColor\3.setColor.vcxproj", "{D7FD72FA-6165-4DEE-884D-103F0804F1F6}"
EndProject
Project("{2150E333-8FDC-42A3-9474-1A3956D46DE8}") = "纹理", "纹理", "{6A3F8EE0-0C41-4920-ABA4-D6DB8881A69E}"
EndProject
Project("{8BC9CEB8-8B4A-11D0-8D11-00A0C91BC942}") = "Sample", "Sample\Sample.vcxproj", "{A6F8F144-FBEA-4012-AFDD-113DA2E6C039}"
EndProject
Project("{8BC9CEB8-8B4A-11D0-8D11-00A0C91BC942}") = "1.ReverseFace", "1.ReverseFace\1.ReverseFace.vcxproj", "{3C5A2C4F-C245-4575-BC68-D845AB4DD4E8}"
EndProject
Project("{8BC9CEB8-8B4A-11D0-8D11-00A0C91BC942}") = "2.ChangeWrap", "2.ChangeWrap\2.ChangeWrap.vcxproj", "{6FF53746-0DF8-465B-9BDF-B5A8AB56D250}"
EndProject
Project("{8BC9CEB8-8B4A-11D0-8D11-00A0C91BC942}") = "3.ExpandTexture", "ExpandTexture\ExpandTexture.vcxproj", "{0081DB2E-FB83-4C36-B19C-6D34CF91DC15}"
EndProject
Project("{8BC9CEB8-8B4A-11D0-8D11-00A0C91BC942}") = "4.ChangeMix", "4.ChangeMix\4.ChangeMix.vcxproj", "{E19C1BBB-AE01-43BD-B111-0607ED1B5679}"
EndProject
Project("{2150E333-8FDC-42A3-9474-1A3956D46DE8}") = "变换", "变换", "{33B8AA6B-9EF5-46C8-B434-BD9FFEC68FCB}"
EndProject
Project("{8BC9CEB8-8B4A-11D0-8D11-00A0C91BC942}") = "Transform", "Transform\Transform.vcxproj", "{FEE75D73-982B-4E7E-8310-8340D8656212}"
EndProject
Project("{2150E333-8FDC-42A3-9474-1A3956D46DE8}") = "坐标系统", "坐标系统", "{BBB98B60-6487-41DF-9C0E-644D113A7966}"
EndProject
Project("{8BC9CEB8-8B4A-11D0-8D11-00A0C91BC942}") = "SimpleTest", "SimpleTest\SimpleTest.vcxproj", "{08449FF4-B9BB-4983-B7B7-D3801BE49B2D}"
EndProject
Project("{8BC9CEB8-8B4A-11D0-8D11-00A0C91BC942}") = "Cube", "Cube\Cube.vcxproj", "{238E8169-CE2A-4473-A20F-6D95EEF4F326}"
EndProject
Project("{8BC9CEB8-8B4A-11D0-8D11-00A0C91BC942}") = "MoreCube", "MoreCube\MoreCube.vcxproj", "{34E13F72-86AF-473C-A7DB-4DD58DE133E3}"
EndProject
Project("{2150E333-8FDC-42A3-9474-1A3956D46DE8}") = "摄像机", "摄像机", "{49CE19DF-A1AC-47DC-8882-6E13614774AF}"
EndProject
Project("{8BC9CEB8-8B4A-11D0-8D11-00A0C91BC942}") = "RotateCamera", "RotateCamera\RotateCamera.vcxproj", "{FC20507E-59D7-4111-87EB-10FD2F51555B}"
EndProject
Project("{8BC9CEB8-8B4A-11D0-8D11-00A0C91BC942}") = "FreeMove", "WASDMove\WASDMove.vcxproj", "{AE5B3083-2342-4287-8FC4-451106D9C290}"
EndProject
Project("{8BC9CEB8-8B4A-11D0-8D11-00A0C91BC942}") = "FPSMove", "FPSMove\FPSMove.vcxproj", "{E2097E77-8D0B-410E-951F-5CF517E363BA}"
EndProject
Project("{2150E333-8FDC-42A3-9474-1A3956D46DE8}") = "1.入门", "1.入门", "{6C139F37-45C2-4826-AEAC-3204457B9B0B}"
EndProject
Project("{2150E333-8FDC-42A3-9474-1A3956D46DE8}") = "2.光照", "2.光照", "{F0ECA093-AB39-4027-8722-4E7BEE810BFB}"
EndProject
Project("{8BC9CEB8-8B4A-11D0-8D11-00A0C91BC942}") = "Light", "LIght\LIght.vcxproj", "{5ADD0AB6-F088-45C8-B9E9-711942294B31}"
EndProject
Project("{2150E333-8FDC-42A3-9474-1A3956D46DE8}") = "基础光照", "基础光照", "{A2ACC683-FF31-48AB-91C3-405045716059}"
EndProject
Project("{8BC9CEB8-8B4A-11D0-8D11-00A0C91BC942}") = "Phong", "Phong\Phong.vcxproj", "{AB2F991B-1623-4AF0-B647-6E7801C6E350}"
EndProject
Project("{8BC9CEB8-8B4A-11D0-8D11-00A0C91BC942}") = "RotatedLight", "RotatedLight\RotatedLight.vcxproj", "{D88C1970-2DC0-4107-806F-07E76E659CBF}"
EndProject
Project("{2150E333-8FDC-42A3-9474-1A3956D46DE8}") = "材质", "材质", "{0B4FBDBC-532E-4B65-B0FF-40B4C3179798}"
EndProject
Project("{8BC9CEB8-8B4A-11D0-8D11-00A0C91BC942}") = "Material", "Material\Material.vcxproj", "{48E0EC0A-AB2D-41EF-8C29-09034733A7CB}"
EndProject
Project("{2150E333-8FDC-42A3-9474-1A3956D46DE8}") = "光照贴图", "光照贴图", "{88C143FA-8623-495E-AC59-91F80173FDBD}"
EndProject
Project("{8BC9CEB8-8B4A-11D0-8D11-00A0C91BC942}") = "LightMap", "LightMap\LightMap.vcxproj", "{D92ED8C1-C1FC-4317-BC4B-9102155D2E44}"
EndProject
Project("{2150E333-8FDC-42A3-9474-1A3956D46DE8}") = "投光物", "投光物", "{35B84D3B-2EF4-469D-8812-8FA2B495115F}"
EndProject
Project("{8BC9CEB8-8B4A-11D0-8D11-00A0C91BC942}") = "DirectionalLight", "DirectionalLight\DirectionalLight.vcxproj", "{3EE04891-4762-4738-B8A2-42488063A3C0}"
EndProject
Project("{8BC9CEB8-8B4A-11D0-8D11-00A0C91BC942}") = "LightingAttenuation", "LightingAttenuation\LightingAttenuation.vcxproj", "{FEBD7FD5-5813-4C91-998F-D2405414FE57}"
EndProject
Global
	GlobalSection(SolutionConfigurationPlatforms) = preSolution
		Debug|x64 = Debug|x64
		Debug|x86 = Debug|x86
		Release|x64 = Release|x64
		Release|x86 = Release|x86
	EndGlobalSection
	GlobalSection(ProjectConfigurationPlatforms) = postSolution
		{4E440FB1-F526-4123-8039-CF35015439F3}.Debug|x64.ActiveCfg = Debug|x64
		{4E440FB1-F526-4123-8039-CF35015439F3}.Debug|x64.Build.0 = Debug|x64
		{4E440FB1-F526-4123-8039-CF35015439F3}.Debug|x86.ActiveCfg = Debug|Win32
		{4E440FB1-F526-4123-8039-CF35015439F3}.Debug|x86.Build.0 = Debug|Win32
		{4E440FB1-F526-4123-8039-CF35015439F3}.Release|x64.ActiveCfg = Release|x64
		{4E440FB1-F526-4123-8039-CF35015439F3}.Release|x64.Build.0 = Release|x64
		{4E440FB1-F526-4123-8039-CF35015439F3}.Release|x86.ActiveCfg = Release|Win32
		{4E440FB1-F526-4123-8039-CF35015439F3}.Release|x86.Build.0 = Release|Win32
		{321A08D0-A4FF-4897-9A4C-8F1C01793507}.Debug|x64.ActiveCfg = Debug|x64
		{321A08D0-A4FF-4897-9A4C-8F1C01793507}.Debug|x64.Build.0 = Debug|x64
		{321A08D0-A4FF-4897-9A4C-8F1C01793507}.Debug|x86.ActiveCfg = Debug|Win32
		{321A08D0-A4FF-4897-9A4C-8F1C01793507}.Debug|x86.Build.0 = Debug|Win32
		{321A08D0-A4FF-4897-9A4C-8F1C01793507}.Release|x64.ActiveCfg = Release|x64
		{321A08D0-A4FF-4897-9A4C-8F1C01793507}.Release|x64.Build.0 = Release|x64
		{321A08D0-A4FF-4897-9A4C-8F1C01793507}.Release|x86.ActiveCfg = Release|Win32
		{321A08D0-A4FF-4897-9A4C-8F1C01793507}.Release|x86.Build.0 = Release|Win32
		{7207316D-FA00-450B-B4B0-304AB5CAD8F6}.Debug|x64.ActiveCfg = Debug|x64
		{7207316D-FA00-450B-B4B0-304AB5CAD8F6}.Debug|x64.Build.0 = Debug|x64
		{7207316D-FA00-450B-B4B0-304AB5CAD8F6}.Debug|x86.ActiveCfg = Debug|Win32
		{7207316D-FA00-450B-B4B0-304AB5CAD8F6}.Debug|x86.Build.0 = Debug|Win32
		{7207316D-FA00-450B-B4B0-304AB5CAD8F6}.Release|x64.ActiveCfg = Release|x64
		{7207316D-FA00-450B-B4B0-304AB5CAD8F6}.Release|x64.Build.0 = Release|x64
		{7207316D-FA00-450B-B4B0-304AB5CAD8F6}.Release|x86.ActiveCfg = Release|Win32
		{7207316D-FA00-450B-B4B0-304AB5CAD8F6}.Release|x86.Build.0 = Release|Win32
		{DF8856D5-A808-4A65-BED7-4DC119B3992C}.Debug|x64.ActiveCfg = Debug|x64
		{DF8856D5-A808-4A65-BED7-4DC119B3992C}.Debug|x64.Build.0 = Debug|x64
		{DF8856D5-A808-4A65-BED7-4DC119B3992C}.Debug|x86.ActiveCfg = Debug|Win32
		{DF8856D5-A808-4A65-BED7-4DC119B3992C}.Debug|x86.Build.0 = Debug|Win32
		{DF8856D5-A808-4A65-BED7-4DC119B3992C}.Release|x64.ActiveCfg = Release|x64
		{DF8856D5-A808-4A65-BED7-4DC119B3992C}.Release|x64.Build.0 = Release|x64
		{DF8856D5-A808-4A65-BED7-4DC119B3992C}.Release|x86.ActiveCfg = Release|Win32
		{DF8856D5-A808-4A65-BED7-4DC119B3992C}.Release|x86.Build.0 = Release|Win32
		{A218D9E5-1D64-43AC-976F-28050DC0840E}.Debug|x64.ActiveCfg = Debug|x64
		{A218D9E5-1D64-43AC-976F-28050DC0840E}.Debug|x64.Build.0 = Debug|x64
		{A218D9E5-1D64-43AC-976F-28050DC0840E}.Debug|x86.ActiveCfg = Debug|Win32
		{A218D9E5-1D64-43AC-976F-28050DC0840E}.Debug|x86.Build.0 = Debug|Win32
		{A218D9E5-1D64-43AC-976F-28050DC0840E}.Release|x64.ActiveCfg = Release|x64
		{A218D9E5-1D64-43AC-976F-28050DC0840E}.Release|x64.Build.0 = Release|x64
		{A218D9E5-1D64-43AC-976F-28050DC0840E}.Release|x86.ActiveCfg = Release|Win32
		{A218D9E5-1D64-43AC-976F-28050DC0840E}.Release|x86.Build.0 = Release|Win32
		{26AA70C3-7C37-42B4-AD4E-226EE3F8C532}.Debug|x64.ActiveCfg = Debug|x64
		{26AA70C3-7C37-42B4-AD4E-226EE3F8C532}.Debug|x64.Build.0 = Debug|x64
		{26AA70C3-7C37-42B4-AD4E-226EE3F8C532}.Debug|x86.ActiveCfg = Debug|Win32
		{26AA70C3-7C37-42B4-AD4E-226EE3F8C532}.Debug|x86.Build.0 = Debug|Win32
		{26AA70C3-7C37-42B4-AD4E-226EE3F8C532}.Release|x64.ActiveCfg = Release|x64
		{26AA70C3-7C37-42B4-AD4E-226EE3F8C532}.Release|x64.Build.0 = Release|x64
		{26AA70C3-7C37-42B4-AD4E-226EE3F8C532}.Release|x86.ActiveCfg = Release|Win32
		{26AA70C3-7C37-42B4-AD4E-226EE3F8C532}.Release|x86.Build.0 = Release|Win32
		{BCE0DF79-719A-44CE-9FF4-42E4E17DE41B}.Debug|x64.ActiveCfg = Debug|x64
		{BCE0DF79-719A-44CE-9FF4-42E4E17DE41B}.Debug|x64.Build.0 = Debug|x64
		{BCE0DF79-719A-44CE-9FF4-42E4E17DE41B}.Debug|x86.ActiveCfg = Debug|Win32
		{BCE0DF79-719A-44CE-9FF4-42E4E17DE41B}.Debug|x86.Build.0 = Debug|Win32
		{BCE0DF79-719A-44CE-9FF4-42E4E17DE41B}.Release|x64.ActiveCfg = Release|x64
		{BCE0DF79-719A-44CE-9FF4-42E4E17DE41B}.Release|x64.Build.0 = Release|x64
		{BCE0DF79-719A-44CE-9FF4-42E4E17DE41B}.Release|x86.ActiveCfg = Release|Win32
		{BCE0DF79-719A-44CE-9FF4-42E4E17DE41B}.Release|x86.Build.0 = Release|Win32
		{D546C4DA-8FD4-4762-A5AC-A7AAFD2AFAD2}.Debug|x64.ActiveCfg = Debug|x64
		{D546C4DA-8FD4-4762-A5AC-A7AAFD2AFAD2}.Debug|x64.Build.0 = Debug|x64
		{D546C4DA-8FD4-4762-A5AC-A7AAFD2AFAD2}.Debug|x86.ActiveCfg = Debug|Win32
		{D546C4DA-8FD4-4762-A5AC-A7AAFD2AFAD2}.Debug|x86.Build.0 = Debug|Win32
		{D546C4DA-8FD4-4762-A5AC-A7AAFD2AFAD2}.Release|x64.ActiveCfg = Release|x64
		{D546C4DA-8FD4-4762-A5AC-A7AAFD2AFAD2}.Release|x64.Build.0 = Release|x64
		{D546C4DA-8FD4-4762-A5AC-A7AAFD2AFAD2}.Release|x86.ActiveCfg = Release|Win32
		{D546C4DA-8FD4-4762-A5AC-A7AAFD2AFAD2}.Release|x86.Build.0 = Release|Win32
		{9C977348-F2AF-4222-8952-107E847629B2}.Debug|x64.ActiveCfg = Debug|x64
		{9C977348-F2AF-4222-8952-107E847629B2}.Debug|x64.Build.0 = Debug|x64
		{9C977348-F2AF-4222-8952-107E847629B2}.Debug|x86.ActiveCfg = Debug|Win32
		{9C977348-F2AF-4222-8952-107E847629B2}.Debug|x86.Build.0 = Debug|Win32
		{9C977348-F2AF-4222-8952-107E847629B2}.Release|x64.ActiveCfg = Release|x64
		{9C977348-F2AF-4222-8952-107E847629B2}.Release|x64.Build.0 = Release|x64
		{9C977348-F2AF-4222-8952-107E847629B2}.Release|x86.ActiveCfg = Release|Win32
		{9C977348-F2AF-4222-8952-107E847629B2}.Release|x86.Build.0 = Release|Win32
		{2CEF7363-5F05-4C8D-A35A-C6DB9F17023E}.Debug|x64.ActiveCfg = Debug|x64
		{2CEF7363-5F05-4C8D-A35A-C6DB9F17023E}.Debug|x64.Build.0 = Debug|x64
		{2CEF7363-5F05-4C8D-A35A-C6DB9F17023E}.Debug|x86.ActiveCfg = Debug|Win32
		{2CEF7363-5F05-4C8D-A35A-C6DB9F17023E}.Debug|x86.Build.0 = Debug|Win32
		{2CEF7363-5F05-4C8D-A35A-C6DB9F17023E}.Release|x64.ActiveCfg = Release|x64
		{2CEF7363-5F05-4C8D-A35A-C6DB9F17023E}.Release|x64.Build.0 = Release|x64
		{2CEF7363-5F05-4C8D-A35A-C6DB9F17023E}.Release|x86.ActiveCfg = Release|Win32
		{2CEF7363-5F05-4C8D-A35A-C6DB9F17023E}.Release|x86.Build.0 = Release|Win32
		{D7FD72FA-6165-4DEE-884D-103F0804F1F6}.Debug|x64.ActiveCfg = Debug|x64
		{D7FD72FA-6165-4DEE-884D-103F0804F1F6}.Debug|x64.Build.0 = Debug|x64
		{D7FD72FA-6165-4DEE-884D-103F0804F1F6}.Debug|x86.ActiveCfg = Debug|Win32
		{D7FD72FA-6165-4DEE-884D-103F0804F1F6}.Debug|x86.Build.0 = Debug|Win32
		{D7FD72FA-6165-4DEE-884D-103F0804F1F6}.Release|x64.ActiveCfg = Release|x64
		{D7FD72FA-6165-4DEE-884D-103F0804F1F6}.Release|x64.Build.0 = Release|x64
		{D7FD72FA-6165-4DEE-884D-103F0804F1F6}.Release|x86.ActiveCfg = Release|Win32
		{D7FD72FA-6165-4DEE-884D-103F0804F1F6}.Release|x86.Build.0 = Release|Win32
		{A6F8F144-FBEA-4012-AFDD-113DA2E6C039}.Debug|x64.ActiveCfg = Debug|x64
		{A6F8F144-FBEA-4012-AFDD-113DA2E6C039}.Debug|x64.Build.0 = Debug|x64
		{A6F8F144-FBEA-4012-AFDD-113DA2E6C039}.Debug|x86.ActiveCfg = Debug|Win32
		{A6F8F144-FBEA-4012-AFDD-113DA2E6C039}.Debug|x86.Build.0 = Debug|Win32
		{A6F8F144-FBEA-4012-AFDD-113DA2E6C039}.Release|x64.ActiveCfg = Release|x64
		{A6F8F144-FBEA-4012-AFDD-113DA2E6C039}.Release|x64.Build.0 = Release|x64
		{A6F8F144-FBEA-4012-AFDD-113DA2E6C039}.Release|x86.ActiveCfg = Release|Win32
		{A6F8F144-FBEA-4012-AFDD-113DA2E6C039}.Release|x86.Build.0 = Release|Win32
		{3C5A2C4F-C245-4575-BC68-D845AB4DD4E8}.Debug|x64.ActiveCfg = Debug|x64
		{3C5A2C4F-C245-4575-BC68-D845AB4DD4E8}.Debug|x64.Build.0 = Debug|x64
		{3C5A2C4F-C245-4575-BC68-D845AB4DD4E8}.Debug|x86.ActiveCfg = Debug|Win32
		{3C5A2C4F-C245-4575-BC68-D845AB4DD4E8}.Debug|x86.Build.0 = Debug|Win32
		{3C5A2C4F-C245-4575-BC68-D845AB4DD4E8}.Release|x64.ActiveCfg = Release|x64
		{3C5A2C4F-C245-4575-BC68-D845AB4DD4E8}.Release|x64.Build.0 = Release|x64
		{3C5A2C4F-C245-4575-BC68-D845AB4DD4E8}.Release|x86.ActiveCfg = Release|Win32
		{3C5A2C4F-C245-4575-BC68-D845AB4DD4E8}.Release|x86.Build.0 = Release|Win32
		{6FF53746-0DF8-465B-9BDF-B5A8AB56D250}.Debug|x64.ActiveCfg = Debug|x64
		{6FF53746-0DF8-465B-9BDF-B5A8AB56D250}.Debug|x64.Build.0 = Debug|x64
		{6FF53746-0DF8-465B-9BDF-B5A8AB56D250}.Debug|x86.ActiveCfg = Debug|Win32
		{6FF53746-0DF8-465B-9BDF-B5A8AB56D250}.Debug|x86.Build.0 = Debug|Win32
		{6FF53746-0DF8-465B-9BDF-B5A8AB56D250}.Release|x64.ActiveCfg = Release|x64
		{6FF53746-0DF8-465B-9BDF-B5A8AB56D250}.Release|x64.Build.0 = Release|x64
		{6FF53746-0DF8-465B-9BDF-B5A8AB56D250}.Release|x86.ActiveCfg = Release|Win32
		{6FF53746-0DF8-465B-9BDF-B5A8AB56D250}.Release|x86.Build.0 = Release|Win32
		{0081DB2E-FB83-4C36-B19C-6D34CF91DC15}.Debug|x64.ActiveCfg = Debug|x64
		{0081DB2E-FB83-4C36-B19C-6D34CF91DC15}.Debug|x64.Build.0 = Debug|x64
		{0081DB2E-FB83-4C36-B19C-6D34CF91DC15}.Debug|x86.ActiveCfg = Debug|Win32
		{0081DB2E-FB83-4C36-B19C-6D34CF91DC15}.Debug|x86.Build.0 = Debug|Win32
		{0081DB2E-FB83-4C36-B19C-6D34CF91DC15}.Release|x64.ActiveCfg = Release|x64
		{0081DB2E-FB83-4C36-B19C-6D34CF91DC15}.Release|x64.Build.0 = Release|x64
		{0081DB2E-FB83-4C36-B19C-6D34CF91DC15}.Release|x86.ActiveCfg = Release|Win32
		{0081DB2E-FB83-4C36-B19C-6D34CF91DC15}.Release|x86.Build.0 = Release|Win32
		{E19C1BBB-AE01-43BD-B111-0607ED1B5679}.Debug|x64.ActiveCfg = Debug|x64
		{E19C1BBB-AE01-43BD-B111-0607ED1B5679}.Debug|x64.Build.0 = Debug|x64
		{E19C1BBB-AE01-43BD-B111-0607ED1B5679}.Debug|x86.ActiveCfg = Debug|Win32
		{E19C1BBB-AE01-43BD-B111-0607ED1B5679}.Debug|x86.Build.0 = Debug|Win32
		{E19C1BBB-AE01-43BD-B111-0607ED1B5679}.Release|x64.ActiveCfg = Release|x64
		{E19C1BBB-AE01-43BD-B111-0607ED1B5679}.Release|x64.Build.0 = Release|x64
		{E19C1BBB-AE01-43BD-B111-0607ED1B5679}.Release|x86.ActiveCfg = Release|Win32
		{E19C1BBB-AE01-43BD-B111-0607ED1B5679}.Release|x86.Build.0 = Release|Win32
		{FEE75D73-982B-4E7E-8310-8340D8656212}.Debug|x64.ActiveCfg = Debug|x64
		{FEE75D73-982B-4E7E-8310-8340D8656212}.Debug|x64.Build.0 = Debug|x64
		{FEE75D73-982B-4E7E-8310-8340D8656212}.Debug|x86.ActiveCfg = Debug|Win32
		{FEE75D73-982B-4E7E-8310-8340D8656212}.Debug|x86.Build.0 = Debug|Win32
		{FEE75D73-982B-4E7E-8310-8340D8656212}.Release|x64.ActiveCfg = Release|x64
		{FEE75D73-982B-4E7E-8310-8340D8656212}.Release|x64.Build.0 = Release|x64
		{FEE75D73-982B-4E7E-8310-8340D8656212}.Release|x86.ActiveCfg = Release|Win32
		{FEE75D73-982B-4E7E-8310-8340D8656212}.Release|x86.Build.0 = Release|Win32
		{08449FF4-B9BB-4983-B7B7-D3801BE49B2D}.Debug|x64.ActiveCfg = Debug|x64
		{08449FF4-B9BB-4983-B7B7-D3801BE49B2D}.Debug|x64.Build.0 = Debug|x64
		{08449FF4-B9BB-4983-B7B7-D3801BE49B2D}.Debug|x86.ActiveCfg = Debug|Win32
		{08449FF4-B9BB-4983-B7B7-D3801BE49B2D}.Debug|x86.Build.0 = Debug|Win32
		{08449FF4-B9BB-4983-B7B7-D3801BE49B2D}.Release|x64.ActiveCfg = Release|x64
		{08449FF4-B9BB-4983-B7B7-D3801BE49B2D}.Release|x64.Build.0 = Release|x64
		{08449FF4-B9BB-4983-B7B7-D3801BE49B2D}.Release|x86.ActiveCfg = Release|Win32
		{08449FF4-B9BB-4983-B7B7-D3801BE49B2D}.Release|x86.Build.0 = Release|Win32
		{238E8169-CE2A-4473-A20F-6D95EEF4F326}.Debug|x64.ActiveCfg = Debug|x64
		{238E8169-CE2A-4473-A20F-6D95EEF4F326}.Debug|x64.Build.0 = Debug|x64
		{238E8169-CE2A-4473-A20F-6D95EEF4F326}.Debug|x86.ActiveCfg = Debug|Win32
		{238E8169-CE2A-4473-A20F-6D95EEF4F326}.Debug|x86.Build.0 = Debug|Win32
		{238E8169-CE2A-4473-A20F-6D95EEF4F326}.Release|x64.ActiveCfg = Release|x64
		{238E8169-CE2A-4473-A20F-6D95EEF4F326}.Release|x64.Build.0 = Release|x64
		{238E8169-CE2A-4473-A20F-6D95EEF4F326}.Release|x86.ActiveCfg = Release|Win32
		{238E8169-CE2A-4473-A20F-6D95EEF4F326}.Release|x86.Build.0 = Release|Win32
		{34E13F72-86AF-473C-A7DB-4DD58DE133E3}.Debug|x64.ActiveCfg = Debug|x64
		{34E13F72-86AF-473C-A7DB-4DD58DE133E3}.Debug|x64.Build.0 = Debug|x64
		{34E13F72-86AF-473C-A7DB-4DD58DE133E3}.Debug|x86.ActiveCfg = Debug|Win32
		{34E13F72-86AF-473C-A7DB-4DD58DE133E3}.Debug|x86.Build.0 = Debug|Win32
		{34E13F72-86AF-473C-A7DB-4DD58DE133E3}.Release|x64.ActiveCfg = Release|x64
		{34E13F72-86AF-473C-A7DB-4DD58DE133E3}.Release|x64.Build.0 = Release|x64
		{34E13F72-86AF-473C-A7DB-4DD58DE133E3}.Release|x86.ActiveCfg = Release|Win32
		{34E13F72-86AF-473C-A7DB-4DD58DE133E3}.Release|x86.Build.0 = Release|Win32
		{FC20507E-59D7-4111-87EB-10FD2F51555B}.Debug|x64.ActiveCfg = Debug|x64
		{FC20507E-59D7-4111-87EB-10FD2F51555B}.Debug|x64.Build.0 = Debug|x64
		{FC20507E-59D7-4111-87EB-10FD2F51555B}.Debug|x86.ActiveCfg = Debug|Win32
		{FC20507E-59D7-4111-87EB-10FD2F51555B}.Debug|x86.Build.0 = Debug|Win32
		{FC20507E-59D7-4111-87EB-10FD2F51555B}.Release|x64.ActiveCfg = Release|x64
		{FC20507E-59D7-4111-87EB-10FD2F51555B}.Release|x64.Build.0 = Release|x64
		{FC20507E-59D7-4111-87EB-10FD2F51555B}.Release|x86.ActiveCfg = Release|Win32
		{FC20507E-59D7-4111-87EB-10FD2F51555B}.Release|x86.Build.0 = Release|Win32
		{AE5B3083-2342-4287-8FC4-451106D9C290}.Debug|x64.ActiveCfg = Debug|x64
		{AE5B3083-2342-4287-8FC4-451106D9C290}.Debug|x64.Build.0 = Debug|x64
		{AE5B3083-2342-4287-8FC4-451106D9C290}.Debug|x86.ActiveCfg = Debug|Win32
		{AE5B3083-2342-4287-8FC4-451106D9C290}.Debug|x86.Build.0 = Debug|Win32
		{AE5B3083-2342-4287-8FC4-451106D9C290}.Release|x64.ActiveCfg = Release|x64
		{AE5B3083-2342-4287-8FC4-451106D9C290}.Release|x64.Build.0 = Release|x64
		{AE5B3083-2342-4287-8FC4-451106D9C290}.Release|x86.ActiveCfg = Release|Win32
		{AE5B3083-2342-4287-8FC4-451106D9C290}.Release|x86.Build.0 = Release|Win32
		{E2097E77-8D0B-410E-951F-5CF517E363BA}.Debug|x64.ActiveCfg = Debug|x64
		{E2097E77-8D0B-410E-951F-5CF517E363BA}.Debug|x64.Build.0 = Debug|x64
		{E2097E77-8D0B-410E-951F-5CF517E363BA}.Debug|x86.ActiveCfg = Debug|Win32
		{E2097E77-8D0B-410E-951F-5CF517E363BA}.Debug|x86.Build.0 = Debug|Win32
		{E2097E77-8D0B-410E-951F-5CF517E363BA}.Release|x64.ActiveCfg = Release|x64
		{E2097E77-8D0B-410E-951F-5CF517E363BA}.Release|x64.Build.0 = Release|x64
		{E2097E77-8D0B-410E-951F-5CF517E363BA}.Release|x86.ActiveCfg = Release|Win32
		{E2097E77-8D0B-410E-951F-5CF517E363BA}.Release|x86.Build.0 = Release|Win32
		{5ADD0AB6-F088-45C8-B9E9-711942294B31}.Debug|x64.ActiveCfg = Debug|x64
		{5ADD0AB6-F088-45C8-B9E9-711942294B31}.Debug|x64.Build.0 = Debug|x64
		{5ADD0AB6-F088-45C8-B9E9-711942294B31}.Debug|x86.ActiveCfg = Debug|Win32
		{5ADD0AB6-F088-45C8-B9E9-711942294B31}.Debug|x86.Build.0 = Debug|Win32
		{5ADD0AB6-F088-45C8-B9E9-711942294B31}.Release|x64.ActiveCfg = Release|x64
		{5ADD0AB6-F088-45C8-B9E9-711942294B31}.Release|x64.Build.0 = Release|x64
		{5ADD0AB6-F088-45C8-B9E9-711942294B31}.Release|x86.ActiveCfg = Release|Win32
		{5ADD0AB6-F088-45C8-B9E9-711942294B31}.Release|x86.Build.0 = Release|Win32
		{AB2F991B-1623-4AF0-B647-6E7801C6E350}.Debug|x64.ActiveCfg = Debug|x64
		{AB2F991B-1623-4AF0-B647-6E7801C6E350}.Debug|x64.Build.0 = Debug|x64
		{AB2F991B-1623-4AF0-B647-6E7801C6E350}.Debug|x86.ActiveCfg = Debug|Win32
		{AB2F991B-1623-4AF0-B647-6E7801C6E350}.Debug|x86.Build.0 = Debug|Win32
		{AB2F991B-1623-4AF0-B647-6E7801C6E350}.Release|x64.ActiveCfg = Release|x64
		{AB2F991B-1623-4AF0-B647-6E7801C6E350}.Release|x64.Build.0 = Release|x64
		{AB2F991B-1623-4AF0-B647-6E7801C6E350}.Release|x86.ActiveCfg = Release|Win32
		{AB2F991B-1623-4AF0-B647-6E7801C6E350}.Release|x86.Build.0 = Release|Win32
		{D88C1970-2DC0-4107-806F-07E76E659CBF}.Debug|x64.ActiveCfg = Debug|x64
		{D88C1970-2DC0-4107-806F-07E76E659CBF}.Debug|x64.Build.0 = Debug|x64
		{D88C1970-2DC0-4107-806F-07E76E659CBF}.Debug|x86.ActiveCfg = Debug|Win32
		{D88C1970-2DC0-4107-806F-07E76E659CBF}.Debug|x86.Build.0 = Debug|Win32
		{D88C1970-2DC0-4107-806F-07E76E659CBF}.Release|x64.ActiveCfg = Release|x64
		{D88C1970-2DC0-4107-806F-07E76E659CBF}.Release|x64.Build.0 = Release|x64
		{D88C1970-2DC0-4107-806F-07E76E659CBF}.Release|x86.ActiveCfg = Release|Win32
		{D88C1970-2DC0-4107-806F-07E76E659CBF}.Release|x86.Build.0 = Release|Win32
		{48E0EC0A-AB2D-41EF-8C29-09034733A7CB}.Debug|x64.ActiveCfg = Debug|x64
		{48E0EC0A-AB2D-41EF-8C29-09034733A7CB}.Debug|x64.Build.0 = Debug|x64
		{48E0EC0A-AB2D-41EF-8C29-09034733A7CB}.Debug|x86.ActiveCfg = Debug|Win32
		{48E0EC0A-AB2D-41EF-8C29-09034733A7CB}.Debug|x86.Build.0 = Debug|Win32
		{48E0EC0A-AB2D-41EF-8C29-09034733A7CB}.Release|x64.ActiveCfg = Release|x64
		{48E0EC0A-AB2D-41EF-8C29-09034733A7CB}.Release|x64.Build.0 = Release|x64
		{48E0EC0A-AB2D-41EF-8C29-09034733A7CB}.Release|x86.ActiveCfg = Release|Win32
		{48E0EC0A-AB2D-41EF-8C29-09034733A7CB}.Release|x86.Build.0 = Release|Win32
		{D92ED8C1-C1FC-4317-BC4B-9102155D2E44}.Debug|x64.ActiveCfg = Debug|x64
		{D92ED8C1-C1FC-4317-BC4B-9102155D2E44}.Debug|x64.Build.0 = Debug|x64
		{D92ED8C1-C1FC-4317-BC4B-9102155D2E44}.Debug|x86.ActiveCfg = Debug|Win32
		{D92ED8C1-C1FC-4317-BC4B-9102155D2E44}.Debug|x86.Build.0 = Debug|Win32
		{D92ED8C1-C1FC-4317-BC4B-9102155D2E44}.Release|x64.ActiveCfg = Release|x64
		{D92ED8C1-C1FC-4317-BC4B-9102155D2E44}.Release|x64.Build.0 = Release|x64
		{D92ED8C1-C1FC-4317-BC4B-9102155D2E44}.Release|x86.ActiveCfg = Release|Win32
		{D92ED8C1-C1FC-4317-BC4B-9102155D2E44}.Release|x86.Build.0 = Release|Win32
		{3EE04891-4762-4738-B8A2-42488063A3C0}.Debug|x64.ActiveCfg = Debug|x64
		{3EE04891-4762-4738-B8A2-42488063A3C0}.Debug|x64.Build.0 = Debug|x64
		{3EE04891-4762-4738-B8A2-42488063A3C0}.Debug|x86.ActiveCfg = Debug|Win32
		{3EE04891-4762-4738-B8A2-42488063A3C0}.Debug|x86.Build.0 = Debug|Win32
		{3EE04891-4762-4738-B8A2-42488063A3C0}.Release|x64.ActiveCfg = Release|x64
		{3EE04891-4762-4738-B8A2-42488063A3C0}.Release|x64.Build.0 = Release|x64
		{3EE04891-4762-4738-B8A2-42488063A3C0}.Release|x86.ActiveCfg = Release|Win32
		{3EE04891-4762-4738-B8A2-42488063A3C0}.Release|x86.Build.0 = Release|Win32
		{FEBD7FD5-5813-4C91-998F-D2405414FE57}.Debug|x64.ActiveCfg = Debug|x64
		{FEBD7FD5-5813-4C91-998F-D2405414FE57}.Debug|x64.Build.0 = Debug|x64
		{FEBD7FD5-5813-4C91-998F-D2405414FE57}.Debug|x86.ActiveCfg = Debug|Win32
		{FEBD7FD5-5813-4C91-998F-D2405414FE57}.Debug|x86.Build.0 = Debug|Win32
		{FEBD7FD5-5813-4C91-998F-D2405414FE57}.Release|x64.ActiveCfg = Release|x64
		{FEBD7FD5-5813-4C91-998F-D2405414FE57}.Release|x64.Build.0 = Release|x64
		{FEBD7FD5-5813-4C91-998F-D2405414FE57}.Release|x86.ActiveCfg = Release|Win32
		{FEBD7FD5-5813-4C91-998F-D2405414FE57}.Release|x86.Build.0 = Release|Win32
	EndGlobalSection
	GlobalSection(SolutionProperties) = preSolution
		HideSolutionNode = FALSE
	EndGlobalSection
	GlobalSection(NestedProjects) = preSolution
		{4E440FB1-F526-4123-8039-CF35015439F3} = {BDF43818-D464-4ACF-8331-13A6CA2E5B38}
		{321A08D0-A4FF-4897-9A4C-8F1C01793507} = {6C139F37-45C2-4826-AEAC-3204457B9B0B}
		{7207316D-FA00-450B-B4B0-304AB5CAD8F6} = {7481882E-8B3D-4089-BFFF-95C55DAEAC8E}
		{BDF43818-D464-4ACF-8331-13A6CA2E5B38} = {6C139F37-45C2-4826-AEAC-3204457B9B0B}
		{DF8856D5-A808-4A65-BED7-4DC119B3992C} = {BDF43818-D464-4ACF-8331-13A6CA2E5B38}
		{A218D9E5-1D64-43AC-976F-28050DC0840E} = {BDF43818-D464-4ACF-8331-13A6CA2E5B38}
		{26AA70C3-7C37-42B4-AD4E-226EE3F8C532} = {BDF43818-D464-4ACF-8331-13A6CA2E5B38}
		{7481882E-8B3D-4089-BFFF-95C55DAEAC8E} = {6C139F37-45C2-4826-AEAC-3204457B9B0B}
		{BCE0DF79-719A-44CE-9FF4-42E4E17DE41B} = {7481882E-8B3D-4089-BFFF-95C55DAEAC8E}
		{D546C4DA-8FD4-4762-A5AC-A7AAFD2AFAD2} = {7481882E-8B3D-4089-BFFF-95C55DAEAC8E}
		{9C977348-F2AF-4222-8952-107E847629B2} = {7481882E-8B3D-4089-BFFF-95C55DAEAC8E}
		{2CEF7363-5F05-4C8D-A35A-C6DB9F17023E} = {7481882E-8B3D-4089-BFFF-95C55DAEAC8E}
		{D7FD72FA-6165-4DEE-884D-103F0804F1F6} = {7481882E-8B3D-4089-BFFF-95C55DAEAC8E}
		{6A3F8EE0-0C41-4920-ABA4-D6DB8881A69E} = {6C139F37-45C2-4826-AEAC-3204457B9B0B}
		{A6F8F144-FBEA-4012-AFDD-113DA2E6C039} = {6A3F8EE0-0C41-4920-ABA4-D6DB8881A69E}
		{3C5A2C4F-C245-4575-BC68-D845AB4DD4E8} = {6A3F8EE0-0C41-4920-ABA4-D6DB8881A69E}
		{6FF53746-0DF8-465B-9BDF-B5A8AB56D250} = {6A3F8EE0-0C41-4920-ABA4-D6DB8881A69E}
		{0081DB2E-FB83-4C36-B19C-6D34CF91DC15} = {6A3F8EE0-0C41-4920-ABA4-D6DB8881A69E}
		{E19C1BBB-AE01-43BD-B111-0607ED1B5679} = {6A3F8EE0-0C41-4920-ABA4-D6DB8881A69E}
		{33B8AA6B-9EF5-46C8-B434-BD9FFEC68FCB} = {6C139F37-45C2-4826-AEAC-3204457B9B0B}
		{FEE75D73-982B-4E7E-8310-8340D8656212} = {33B8AA6B-9EF5-46C8-B434-BD9FFEC68FCB}
		{BBB98B60-6487-41DF-9C0E-644D113A7966} = {6C139F37-45C2-4826-AEAC-3204457B9B0B}
		{08449FF4-B9BB-4983-B7B7-D3801BE49B2D} = {BBB98B60-6487-41DF-9C0E-644D113A7966}
		{238E8169-CE2A-4473-A20F-6D95EEF4F326} = {BBB98B60-6487-41DF-9C0E-644D113A7966}
		{34E13F72-86AF-473C-A7DB-4DD58DE133E3} = {BBB98B60-6487-41DF-9C0E-644D113A7966}
		{49CE19DF-A1AC-47DC-8882-6E13614774AF} = {6C139F37-45C2-4826-AEAC-3204457B9B0B}
		{FC20507E-59D7-4111-87EB-10FD2F51555B} = {49CE19DF-A1AC-47DC-8882-6E13614774AF}
		{AE5B3083-2342-4287-8FC4-451106D9C290} = {49CE19DF-A1AC-47DC-8882-6E13614774AF}
		{E2097E77-8D0B-410E-951F-5CF517E363BA} = {49CE19DF-A1AC-47DC-8882-6E13614774AF}
		{5ADD0AB6-F088-45C8-B9E9-711942294B31} = {F0ECA093-AB39-4027-8722-4E7BEE810BFB}
		{A2ACC683-FF31-48AB-91C3-405045716059} = {F0ECA093-AB39-4027-8722-4E7BEE810BFB}
		{AB2F991B-1623-4AF0-B647-6E7801C6E350} = {A2ACC683-FF31-48AB-91C3-405045716059}
		{D88C1970-2DC0-4107-806F-07E76E659CBF} = {A2ACC683-FF31-48AB-91C3-405045716059}
		{0B4FBDBC-532E-4B65-B0FF-40B4C3179798} = {F0ECA093-AB39-4027-8722-4E7BEE810BFB}
		{48E0EC0A-AB2D-41EF-8C29-09034733A7CB} = {0B4FBDBC-532E-4B65-B0FF-40B4C3179798}
		{88C143FA-8623-495E-AC59-91F80173FDBD} = {F0ECA093-AB39-4027-8722-4E7BEE810BFB}
		{D92ED8C1-C1FC-4317-BC4B-9102155D2E44} = {88C143FA-8623-495E-AC59-91F80173FDBD}
		{35B84D3B-2EF4-469D-8812-8FA2B495115F} = {F0ECA093-AB39-4027-8722-4E7BEE810BFB}
		{3EE04891-4762-4738-B8A2-42488063A3C0} = {35B84D3B-2EF4-469D-8812-8FA2B495115F}
		{FEBD7FD5-5813-4C91-998F-D2405414FE57} = {35B84D3B-2EF4-469D-8812-8FA2B495115F}
	EndGlobalSection
	GlobalSection(ExtensibilityGlobals) = postSolution
		SolutionGuid = {4E3D9692-842C-4637-A48C-E6EC8C00FD55}
	EndGlobalSection
EndGlobal
